<?xml version="1.0" encoding="utf-8"?>
<Project ToolsVersion="4.0" xmlns="http://schemas.microsoft.com/developer/msbuild/2003">
  <ItemGroup>
    <Filter Include="Quelldateien">
      <UniqueIdentifier>{4FC737F1-C7A5-4376-A066-2A32D752A2FF}</UniqueIdentifier>
      <Extensions>cpp;c;cc;cxx;def;odl;idl;hpj;bat;asm;asmx</Extensions>
    </Filter>
    <Filter Include="Headerdateien">
      <UniqueIdentifier>{93995380-89BD-4b04-88EB-625FBE52EBFB}</UniqueIdentifier>
      <Extensions>h;hh;hpp;hxx;hm;inl;inc;ipp;xsd</Extensions>
    </Filter>
    <Filter Include="Ressourcendateien">
      <UniqueIdentifier>{67DA6AB6-F800-4c08-8B7A-83BB121AAD01}</UniqueIdentifier>
      <Extensions>rc;ico;cur;bmp;dlg;rc2;rct;bin;rgs;gif;jpg;jpeg;jpe;resx;tiff;tif;png;wav;mfcribbon-ms</Extensions>
    </Filter>
  </ItemGroup>
  <ItemGroup>
    <ClCompile Include="Core.cpp">
      <Filter>Quelldateien</Filter>
    </ClCompile>
    <ClCompile Include="Window.cpp">
      <Filter>Quelldateien</Filter>
    </ClCompile>
    <ClCompile Include="Main.cpp">
      <Filter>Quelldateien</Filter>
    </ClCompile>
    <ClCompile Include="GenericError.cpp">
      <Filter>Quelldateien</Filter>
    </ClCompile>
    <ClCompile Include="GraphicFactory.cpp">
      <Filter>Quelldateien</Filter>
    </ClCompile>
    <ClCompile Include="Renderer.cpp">
      <Filter>Quelldateien</Filter>
    </ClCompile>
    <ClCompile Include="EventHandler.cpp">
      <Filter>Quelldateien</Filter>
    </ClCompile>
    <ClCompile Include="InputWrapper.cpp">
      <Filter>Quelldateien</Filter>
    </ClCompile>
    <ClCompile Include="Font.cpp">
      <Filter>Quelldateien</Filter>
    </ClCompile>
    <ClCompile Include="FontFactory.cpp">
      <Filter>Quelldateien</Filter>
    </ClCompile>
    <ClCompile Include="ObjectControl.cpp">
      <Filter>Quelldateien</Filter>
    </ClCompile>
    <ClCompile Include="GUIElement.cpp">
      <Filter>Quelldateien</Filter>
    </ClCompile>
    <ClCompile Include="GUILabeled.cpp">
      <Filter>Quelldateien</Filter>
    </ClCompile>
    <ClCompile Include="Button.cpp">
      <Filter>Quelldateien</Filter>
    </ClCompile>
    <ClCompile Include="Menu.cpp">
      <Filter>Quelldateien</Filter>
    </ClCompile>
    <ClCompile Include="Color.cpp">
      <Filter>Quelldateien</Filter>
    </ClCompile>
    <ClCompile Include="Label.cpp">
      <Filter>Quelldateien</Filter>
    </ClCompile>
    <ClCompile Include="SoundFactory.cpp">
      <Filter>Quelldateien</Filter>
    </ClCompile>
    <ClCompile Include="Map.cpp">
      <Filter>Quelldateien</Filter>
    </ClCompile>
    <ClCompile Include="Terrain.cpp">
      <Filter>Quelldateien</Filter>
    </ClCompile>
    <ClCompile Include="Screen.cpp">
      <Filter>Quelldateien</Filter>
    </ClCompile>
  </ItemGroup>
  <ItemGroup>
    <ClInclude Include="Core.h">
      <Filter>Headerdateien</Filter>
    </ClInclude>
    <ClInclude Include="Window.h">
      <Filter>Headerdateien</Filter>
    </ClInclude>
    <ClInclude Include="GenericError.h">
      <Filter>Headerdateien</Filter>
    </ClInclude>
    <ClInclude Include="GraphicFactory.h">
      <Filter>Headerdateien</Filter>
    </ClInclude>
    <ClInclude Include="Renderer.h">
      <Filter>Headerdateien</Filter>
    </ClInclude>
    <ClInclude Include="EventHandler.h">
      <Filter>Headerdateien</Filter>
    </ClInclude>
    <ClInclude Include="InputWrapper.h">
      <Filter>Headerdateien</Filter>
    </ClInclude>
    <ClInclude Include="Font.h">
      <Filter>Headerdateien</Filter>
    </ClInclude>
    <ClInclude Include="FontFactory.h">
      <Filter>Headerdateien</Filter>
    </ClInclude>
    <ClInclude Include="ObjectControl.h">
      <Filter>Headerdateien</Filter>
    </ClInclude>
    <ClInclude Include="GUIElement.h">
      <Filter>Headerdateien</Filter>
    </ClInclude>
    <ClInclude Include="GUILabeled.h">
      <Filter>Headerdateien</Filter>
    </ClInclude>
    <ClInclude Include="Button.h">
      <Filter>Headerdateien</Filter>
    </ClInclude>
    <ClInclude Include="Events.h">
      <Filter>Headerdateien</Filter>
    </ClInclude>
    <ClInclude Include="Menu.h">
      <Filter>Headerdateien</Filter>
    </ClInclude>
    <ClInclude Include="Color.h">
      <Filter>Headerdateien</Filter>
    </ClInclude>
    <ClInclude Include="Label.h">
      <Filter>Headerdateien</Filter>
    </ClInclude>
    <ClInclude Include="SoundFactory.h">
      <Filter>Headerdateien</Filter>
    </ClInclude>
    <ClInclude Include="Map.h">
      <Filter>Headerdateien</Filter>
    </ClInclude>
    <ClInclude Include="Terrain.h">
      <Filter>Headerdateien</Filter>
    </ClInclude>
    <ClInclude Include="Screen.h">
      <Filter>Headerdateien</Filter>
    </ClInclude>
  </ItemGroup>
</Project>